
Microsoft Visual Studio Solution File, Format Version 12.00
# Visual Studio 15
VisualStudioVersion = 15.0.27130.2036
MinimumVisualStudioVersion = 10.0.40219.1
Project("{FAE04EC0-301F-11D3-BF4B-00C04F79EFBC}") = "ClearBank.DeveloperTest", "ClearBank.DeveloperTest\ClearBank.DeveloperTest.csproj", "{5B180045-B13B-443E-82AF-E6F1D1247111}"
EndProject
Project("{FAE04EC0-301F-11D3-BF4B-00C04F79EFBC}") = "ClearBank.DeveloperTest.Tests", "ClearBank.DeveloperTest.Tests\ClearBank.DeveloperTest.Tests.csproj", "{315ECD65-6661-4DF4-A386-17AADEA9E03A}"
EndProject
Global
	GlobalSection(SolutionConfigurationPlatforms) = preSolution
		Debug|Any CPU = Debug|Any CPU
		Release|Any CPU = Release|Any CPU
	EndGlobalSection
	GlobalSection(ProjectConfigurationPlatforms) = postSolution
		{5B180045-B13B-443E-82AF-E6F1D1247111}.Debug|Any CPU.ActiveCfg = Debug|Any CPU
		{5B180045-B13B-443E-82AF-E6F1D1247111}.Debug|Any CPU.Build.0 = Debug|Any CPU
		{5B180045-B13B-443E-82AF-E6F1D1247111}.Release|Any CPU.ActiveCfg = Release|Any CPU
		{5B180045-B13B-443E-82AF-E6F1D1247111}.Release|Any CPU.Build.0 = Release|Any CPU
		{315ECD65-6661-4DF4-A386-17AADEA9E03A}.Debug|Any CPU.ActiveCfg = Debug|Any CPU
		{315ECD65-6661-4DF4-A386-17AADEA9E03A}.Debug|Any CPU.Build.0 = Debug|Any CPU
		{315ECD65-6661-4DF4-A386-17AADEA9E03A}.Release|Any CPU.ActiveCfg = Release|Any CPU
		{315ECD65-6661-4DF4-A386-17AADEA9E03A}.Release|Any CPU.Build.0 = Release|Any CPU
	EndGlobalSection
	GlobalSection(SolutionProperties) = preSolution
		HideSolutionNode = FALSE
	EndGlobalSection
	GlobalSection(ExtensibilityGlobals) = postSolution
		SolutionGuid = {E61A1B5F-767E-47A3-BB41-E4258071B3AB}
	EndGlobalSection
EndGlobal
